// !$*UTF8*$!
{
	archiveVersion = 1;
	classes = {
	};
	objectVersion = 46;
	objects = {

/* Begin PBXBuildFile section */
		DC39E7C11F36ED500081466D /* AppDelegate.swift in Sources */ = {isa = PBXBuildFile; fileRef = DC39E7C01F36ED500081466D /* AppDelegate.swift */; };
		DC39E7C31F36ED500081466D /* ViewController.swift in Sources */ = {isa = PBXBuildFile; fileRef = DC39E7C21F36ED500081466D /* ViewController.swift */; };
		DC39E7C61F36ED500081466D /* Main.storyboard in Resources */ = {isa = PBXBuildFile; fileRef = DC39E7C41F36ED500081466D /* Main.storyboard */; };
		DC39E7C91F36ED500081466D /* HitList.xcdatamodeld in Sources */ = {isa = PBXBuildFile; fileRef = DC39E7C71F36ED500081466D /* HitList.xcdatamodeld */; };
		DC39E7CB1F36ED500081466D /* Assets.xcassets in Resources */ = {isa = PBXBuildFile; fileRef = DC39E7CA1F36ED500081466D /* Assets.xcassets */; };
		DC39E7CE1F36ED500081466D /* LaunchScreen.storyboard in Resources */ = {isa = PBXBuildFile; fileRef = DC39E7CC1F36ED500081466D /* LaunchScreen.storyboard */; };
/* End PBXBuildFile section */

/* Begin PBXFileReference section */
		DC39E7BD1F36ED500081466D /* HitList.app */ = {isa = PBXFileReference; explicitFileType = wrapper.application; includeInIndex = 0; path = HitList.app; sourceTree = BUILT_PRODUCTS_DIR; };
		DC39E7C01F36ED500081466D /* AppDelegate.swift */ = {isa = PBXFileReference; lastKnownFileType = sourcecode.swift; path = AppDelegate.swift; sourceTree = "<group>"; };
		DC39E7C21F36ED500081466D /* ViewController.swift */ = {isa = PBXFileReference; lastKnownFileType = sourcecode.swift; path = ViewController.swift; sourceTree = "<group>"; };
		DC39E7C51F36ED500081466D /* Base */ = {isa = PBXFileReference; lastKnownFileType = file.storyboard; name = Base; path = Base.lproj/Main.storyboard; sourceTree = "<group>"; };
		DC39E7C81F36ED500081466D /* HitList.xcdatamodel */ = {isa = PBXFileReference; lastKnownFileType = wrapper.xcdatamodel; path = HitList.xcdatamodel; sourceTree = "<group>"; };
		DC39E7CA1F36ED500081466D /* Assets.xcassets */ = {isa = PBXFileReference; lastKnownFileType = folder.assetcatalog; path = Assets.xcassets; sourceTree = "<group>"; };
		DC39E7CD1F36ED500081466D /* Base */ = {isa = PBXFileReference; lastKnownFileType = file.storyboard; name = Base; path = Base.lproj/LaunchScreen.storyboard; sourceTree = "<group>"; };
		DC39E7CF1F36ED500081466D /* Info.plist */ = {isa = PBXFileReference; lastKnownFileType = text.plist.xml; path = Info.plist; sourceTree = "<group>"; };
/* End PBXFileReference section */

/* Begin PBXFrameworksBuildPhase section */
		DC39E7BA1F36ED4F0081466D /* Frameworks */ = {
			isa = PBXFrameworksBuildPhase;
			buildActionMask = 2147483647;
			files = (
			);
			runOnlyForDeploymentPostprocessing = 0;
		};
/* End PBXFrameworksBuildPhase section */

/* Begin PBXGroup section */
		DC39E7B41F36ED4F0081466D = {
			isa = PBXGroup;
			children = (
				DC39E7BF1F36ED500081466D /* HitList */,
				DC39E7BE1F36ED500081466D /* Products */,
			);
			sourceTree = "<group>";
		};
		DC39E7BE1F36ED500081466D /* Products */ = {
			isa = PBXGroup;
			children = (
				DC39E7BD1F36ED500081466D /* HitList.app */,
			);
			name = Products;
			sourceTree = "<group>";
		};
		DC39E7BF1F36ED500081466D /* HitList */ = {
			isa = PBXGroup;
			children = (
				DC39E7C01F36ED500081466D /* AppDelegate.swift */,
				DC39E7C21F36ED500081466D /* ViewController.swift */,
				DC39E7C41F36ED500081466D /* Main.storyboard */,
				DC39E7CA1F36ED500081466D /* Assets.xcassets */,
				DC39E7CC1F36ED500081466D /* LaunchScreen.storyboard */,
				DC39E7CF1F36ED500081466D /* Info.plist */,
				DC39E7C71F36ED500081466D /* HitList.xcdatamodeld */,
			);
			path = HitList;
			sourceTree = "<group>";
		};
/* End PBXGroup section */

/* Begin PBXNativeTarget section */
		DC39E7BC1F36ED4F0081466D /* HitList */ = {
			isa = PBXNativeTarget;
			buildConfigurationList = DC39E7D21F36ED500081466D /* Build configuration list for PBXNativeTarget "HitList" */;
			buildPhases = (
				DC39E7B91F36ED4F0081466D /* Sources */,
				DC39E7BA1F36ED4F0081466D /* Frameworks */,
				DC39E7BB1F36ED4F0081466D /* Resources */,
			);
			buildRules = (
			);
			dependencies = (
			);
			name = HitList;
			productName = HitList;
			productReference = DC39E7BD1F36ED500081466D /* HitList.app */;
			productType = "com.apple.product-type.application";
		};
/* End PBXNativeTarget section */

/* Begin PBXProject section */
		DC39E7B51F36ED4F0081466D /* Project object */ = {
			isa = PBXProject;
			attributes = {
				LastSwiftUpdateCheck = 0830;
				LastUpgradeCheck = 0830;
				ORGANIZATIONNAME = "Jing Gao";
				TargetAttributes = {
					DC39E7BC1F36ED4F0081466D = {
						CreatedOnToolsVersion = 8.3.3;
						DevelopmentTeam = Y5VHUR42M4;
						ProvisioningStyle = Automatic;
					};
				};
			};
			buildConfigurationList = DC39E7B81F36ED4F0081466D /* Build configuration list for PBXProject "HitList" */;
			compatibilityVersion = "Xcode 3.2";
			developmentRegion = English;
			hasScannedForEncodings = 0;
			knownRegions = (
				en,
				Base,
			);
			mainGroup = DC39E7B41F36ED4F0081466D;
			productRefGroup = DC39E7BE1F36ED500081466D /* Products */;
			projectDirPath = "";
			projectRoot = "";
			targets = (
				DC39E7BC1F36ED4F0081466D /* HitList */,
			);
		};
/* End PBXProject section */

/* Begin PBXResourcesBuildPhase section */
		DC39E7BB1F36ED4F0081466D /* Resources */ = {
			isa = PBXResourcesBuildPhase;
			buildActionMask = 2147483647;
			files = (
				DC39E7CE1F36ED500081466D /* LaunchScreen.storyboard in Resources */,
				DC39E7CB1F36ED500081466D /* Assets.xcassets in Resources */,
				DC39E7C61F36ED500081466D /* Main.storyboard in Resources */,
			);
			runOnlyForDeploymentPostprocessing = 0;
		};
/* End PBXResourcesBuildPhase section */

/* Begin PBXSourcesBuildPhase section */
		DC39E7B91F36ED4F0081466D /* Sources */ = {
			isa = PBXSourcesBuildPhase;
			buildActionMask = 2147483647;
			files = (
				DC39E7C91F36ED500081466D /* HitList.xcdatamodeld in Sources */,
				DC39E7C31F36ED500081466D /* ViewController.swift in Sources */,
				DC39E7C11F36ED500081466D /* AppDelegate.swift in Sources */,
			);
			runOnlyForDeploymentPostprocessing = 0;
		};
/* End PBXSourcesBuildPhase section */

/* Begin PBXVariantGroup section */
		DC39E7C41F36ED500081466D /* Main.storyboard */ = {
			isa = PBXVariantGroup;
			children = (
				DC39E7C51F36ED500081466D /* Base */,
			);
			name = Main.storyboard;
			sourceTree = "<group>";
		};
		DC39E7CC1F36ED500081466D /* LaunchScreen.storyboard */ = {
			isa = PBXVariantGroup;
			children = (
				DC39E7CD1F36ED500081466D /* Base */,
			);
			name = LaunchScreen.storyboard;
			sourceTree = "<group>";
		};
/* End PBXVariantGroup section */

/* Begin XCBuildConfiguration section */
		DC39E7D01F36ED500081466D /* Debug */ = {
			isa = XCBuildConfiguration;
			buildSettings = {
				ALWAYS_SEARCH_USER_PATHS = NO;
				CLANG_ANALYZER_NONNULL = YES;
				CLANG_ANALYZER_NUMBER_OBJECT_CONVERSION = YES_AGGRESSIVE;
				CLANG_CXX_LANGUAGE_STANDARD = "gnu++0x";
				CLANG_CXX_LIBRARY = "libc++";
				CLANG_ENABLE_MODULES = YES;
				CLANG_ENABLE_OBJC_ARC = YES;
				CLANG_WARN_BOOL_CONVERSION = YES;
				CLANG_WARN_CONSTANT_CONVERSION = YES;
				CLANG_WARN_DIRECT_OBJC_ISA_USAGE = YES_ERROR;
				CLANG_WARN_DOCUMENTATION_COMMENTS = YES;
				CLANG_WARN_EMPTY_BODY = YES;
				CLANG_WARN_ENUM_CONVERSION = YES;
				CLANG_WARN_INFINITE_RECURSION = YES;
				CLANG_WARN_INT_CONVERSION = YES;
				CLANG_WARN_OBJC_ROOT_CLASS = YES_ERROR;
				CLANG_WARN_SUSPICIOUS_MOVE = YES;
				CLANG_WARN_UNREACHABLE_CODE = YES;
				CLANG_WARN__DUPLICATE_METHOD_MATCH = YES;
				"CODE_SIGN_IDENTITY[sdk=iphoneos*]" = "iPhone Developer";
				COPY_PHASE_STRIP = NO;
				DEBUG_INFORMATION_FORMAT = dwarf;
				ENABLE_STRICT_OBJC_MSGSEND = YES;
				ENABLE_TESTABILITY = YES;
				GCC_C_LANGUAGE_STANDARD = gnu99;
				GCC_DYNAMIC_NO_PIC = NO;
				GCC_NO_COMMON_BLOCKS = YES;
				GCC_OPTIMIZATION_LEVEL = 0;
				GCC_PREPROCESSOR_DEFINITIONS = (
					"DEBUG=1",
					"$(inherited)",
				);
				GCC_WARN_64_TO_32_BIT_CONVERSION = YES;
				GCC_WARN_ABOUT_RETURN_TYPE = YES_ERROR;
				GCC_WARN_UNDECLARED_SELECTOR = YES;
				GCC_WARN_UNINITIALIZED_AUTOS = YES_AGGRESSIVE;
				GCC_WARN_UNUSED_FUNCTION = YES;
				GCC_WARN_UNUSED_VARIABLE = YES;
				IPHONEOS_DEPLOYMENT_TARGET = 10.3;
				MTL_ENABLE_DEBUG_INFO = YES;
				ONLY_ACTIVE_ARCH = YES;
				SDKROOT = iphoneos;
				SWIFT_ACTIVE_COMPILATION_CONDITIONS = DEBUG;
				SWIFT_OPTIMIZATION_LEVEL = "-Onone";
				TARGETED_DEVICE_FAMILY = "1,2";
			};
			name = Debug;
		};
		DC39E7D11F36ED500081466D /* Release */ = {
			isa = XCBuildConfiguration;
			buildSettings = {
				ALWAYS_SEARCH_USER_PATHS = NO;
				CLANG_ANALYZER_NONNULL = YES;
				CLANG_ANALYZER_NUMBER_OBJECT_CONVERSION = YES_AGGRESSIVE;
				CLANG_CXX_LANGUAGE_STANDARD = "gnu++0x";
				CLANG_CXX_LIBRARY = "libc++";
				CLANG_ENABLE_MODULES = YES;
				CLANG_ENABLE_OBJC_ARC = YES;
				CLANG_WARN_BOOL_CONVERSION = YES;
				CLANG_WARN_CONSTANT_CONVERSION = YES;
				CLANG_WARN_DIRECT_OBJC_ISA_USAGE = YES_ERROR;
				CLANG_WARN_DOCUMENTATION_COMMENTS = YES;
				CLANG_WARN_EMPTY_BODY = YES;
				CLANG_WARN_ENUM_CONVERSION = YES;
				CLANG_WARN_INFINITE_RECURSION = YES;
				CLANG_WARN_INT_CONVERSION = YES;
				CLANG_WARN_OBJC_ROOT_CLASS = YES_ERROR;
				CLANG_WARN_SUSPICIOUS_MOVE = YES;
				CLANG_WARN_UNREACHABLE_CODE = YES;
				CLANG_WARN__DUPLICATE_METHOD_MATCH = YES;
				"CODE_SIGN_IDENTITY[sdk=iphoneos*]" = "iPhone Developer";
				COPY_PHASE_STRIP = NO;
				DEBUG_INFORMATION_FORMAT = "dwarf-with-dsym";
				ENABLE_NS_ASSERTIONS = NO;
				ENABLE_STRICT_OBJC_MSGSEND = YES;
				GCC_C_LANGUAGE_STANDARD = gnu99;
				GCC_NO_COMMON_BLOCKS = YES;
				GCC_WARN_64_TO_32_BIT_CONVERSION = YES;
				GCC_WARN_ABOUT_RETURN_TYPE = YES_ERROR;
				GCC_WARN_UNDECLARED_SELECTOR = YES;
				GCC_WARN_UNINITIALIZED_AUTOS = YES_AGGRESSIVE;
				GCC_WARN_UNUSED_FUNCTION = YES;
				GCC_WARN_UNUSED_VARIABLE = YES;
				IPHONEOS_DEPLOYMENT_TARGET = 10.3;
				MTL_ENABLE_DEBUG_INFO = NO;
				SDKROOT = iphoneos;
				SWIFT_OPTIMIZATION_LEVEL = "-Owholemodule";
				TARGETED_DEVICE_FAMILY = "1,2";
				VALIDATE_PRODUCT = YES;
			};
			name = Release;
		};
		DC39E7D31F36ED500081466D /* Debug */ = {
			isa = XCBuildConfiguration;
			buildSettings = {
				ASSETCATALOG_COMPILER_APPICON_NAME = AppIcon;
				DEVELOPMENT_TEAM = Y5VHUR42M4;
				INFOPLIST_FILE = HitList/Info.plist;
				LD_RUNPATH_SEARCH_PATHS = "$(inherited) @executable_path/Frameworks";
				PRODUCT_BUNDLE_IDENTIFIER = com.jinggao.HitList;
				PRODUCT_NAME = "$(TARGET_NAME)";
				SWIFT_VERSION = 3.0;
			};
			name = Debug;
		};
		DC39E7D41F36ED500081466D /* Release */ = {
			isa = XCBuildConfiguration;
			buildSettings = {
				ASSETCATALOG_COMPILER_APPICON_NAME = AppIcon;
				DEVELOPMENT_TEAM = Y5VHUR42M4;
				INFOPLIST_FILE = HitList/Info.plist;
				LD_RUNPATH_SEARCH_PATHS = "$(inherited) @executable_path/Frameworks";
				PRODUCT_BUNDLE_IDENTIFIER = com.jinggao.HitList;
				PRODUCT_NAME = "$(TARGET_NAME)";
				SWIFT_VERSION = 3.0;
			};
			name = Release;
		};
/* End XCBuildConfiguration section */

/* Begin XCConfigurationList section */
		DC39E7B81F36ED4F0081466D /* Build configuration list for PBXProject "HitList" */ = {
			isa = XCConfigurationList;
			buildConfigurations = (
				DC39E7D01F36ED500081466D /* Debug */,
				DC39E7D11F36ED500081466D /* Release */,
			);
			defaultConfigurationIsVisible = 0;
			defaultConfigurationName = Release;
		};
		DC39E7D21F36ED500081466D /* Build configuration list for PBXNativeTarget "HitList" */ = {
			isa = XCConfigurationList;
			buildConfigurations = (
				DC39E7D31F36ED500081466D /* Debug */,
				DC39E7D41F36ED500081466D /* Release */,
			);
			defaultConfigurationIsVisible = 0;
		};
/* End XCConfigurationList section */

/* Begin XCVersionGroup section */
		DC39E7C71F36ED500081466D /* HitList.xcdatamodeld */ = {
			isa = XCVersionGroup;
			children = (
				DC39E7C81F36ED500081466D /* HitList.xcdatamodel */,
			);
			currentVersion = DC39E7C81F36ED500081466D /* HitList.xcdatamodel */;
			path = HitList.xcdatamodeld;
			sourceTree = "<group>";
			versionGroupType = wrapper.xcdatamodel;
		};
/* End XCVersionGroup section */
	};
	rootObject = DC39E7B51F36ED4F0081466D /* Project object */;
}
